// !$*UTF8*$!
{
	archiveVersion = 1;
	classes = {
	};
	objectVersion = 51;
	objects = {

/* Begin PBXBuildFile section */
		97187949EB248CA2DC085448 /* Pods_RJAlertViewDemo.framework in Frameworks */ = {isa = PBXBuildFile; fileRef = E527CC2319A59EE86FB15DC2 /* Pods_RJAlertViewDemo.framework */; };
		BF07811225B96F14004C325E /* RJMultipleAccountView.m in Sources */ = {isa = PBXBuildFile; fileRef = BF07811125B96F14004C325E /* RJMultipleAccountView.m */; };
		BF07811725B9753F004C325E /* RJMultipleAccountSelectView.m in Sources */ = {isa = PBXBuildFile; fileRef = BF07811625B9753F004C325E /* RJMultipleAccountSelectView.m */; };
		BF07811B25B97556004C325E /* RJMultipleAccountSelectCell.m in Sources */ = {isa = PBXBuildFile; fileRef = BF07811A25B97556004C325E /* RJMultipleAccountSelectCell.m */; };
		BF07811F25B9757D004C325E /* RJMultipleAccountSelectTableHeaderView.m in Sources */ = {isa = PBXBuildFile; fileRef = BF07811E25B9757D004C325E /* RJMultipleAccountSelectTableHeaderView.m */; };
		BF27EC7225B9309B00D65058 /* RJProgressHUD.m in Sources */ = {isa = PBXBuildFile; fileRef = BF27EC7025B9309B00D65058 /* RJProgressHUD.m */; };
		BF3524B8256CDF42005E02C4 /* AppDelegate.m in Sources */ = {isa = PBXBuildFile; fileRef = BF3524B7256CDF42005E02C4 /* AppDelegate.m */; };
		BF3524BE256CDF42005E02C4 /* ViewController.m in Sources */ = {isa = PBXBuildFile; fileRef = BF3524BD256CDF42005E02C4 /* ViewController.m */; };
		BF3524C1256CDF42005E02C4 /* Main.storyboard in Resources */ = {isa = PBXBuildFile; fileRef = BF3524BF256CDF42005E02C4 /* Main.storyboard */; };
		BF3524C3256CDF43005E02C4 /* Assets.xcassets in Resources */ = {isa = PBXBuildFile; fileRef = BF3524C2256CDF43005E02C4 /* Assets.xcassets */; };
		BF3524C6256CDF43005E02C4 /* LaunchScreen.storyboard in Resources */ = {isa = PBXBuildFile; fileRef = BF3524C4256CDF43005E02C4 /* LaunchScreen.storyboard */; };
		BF3524C9256CDF43005E02C4 /* main.m in Sources */ = {isa = PBXBuildFile; fileRef = BF3524C8256CDF43005E02C4 /* main.m */; };
		BF3524F6256CE093005E02C4 /* RJMainViewController.m in Sources */ = {isa = PBXBuildFile; fileRef = BF3524F5256CE093005E02C4 /* RJMainViewController.m */; };
		BF60E5162574E04B00E4F0A7 /* RJAlertControllerInterfaceActionGroupView.m in Sources */ = {isa = PBXBuildFile; fileRef = BF60E5152574E04B00E4F0A7 /* RJAlertControllerInterfaceActionGroupView.m */; };
		BF60E51C2574E06000E4F0A7 /* RJInterfaceActionGroupHeaderScrollView.m in Sources */ = {isa = PBXBuildFile; fileRef = BF60E51B2574E06000E4F0A7 /* RJInterfaceActionGroupHeaderScrollView.m */; };
		BF60E52B2574E13200E4F0A7 /* RJInterfaceActionRepresentationsSequenceView.m in Sources */ = {isa = PBXBuildFile; fileRef = BF60E52A2574E13200E4F0A7 /* RJInterfaceActionRepresentationsSequenceView.m */; };
		BF60E5312574E69F00E4F0A7 /* RJInterfaceActionSeparatableSequenceView.m in Sources */ = {isa = PBXBuildFile; fileRef = BF60E5302574E69F00E4F0A7 /* RJInterfaceActionSeparatableSequenceView.m */; };
		BF60E5372574E6B000E4F0A7 /* RJAlertControllerActionView.m in Sources */ = {isa = PBXBuildFile; fileRef = BF60E5362574E6B000E4F0A7 /* RJAlertControllerActionView.m */; };
		BF60E53D2574E6C300E4F0A7 /* RJInterfaceActionVibrantSeparatorView.m in Sources */ = {isa = PBXBuildFile; fileRef = BF60E53C2574E6C300E4F0A7 /* RJInterfaceActionVibrantSeparatorView.m */; };
		BF7C3359257F643C00BF9DB0 /* RJVerifyCodePhoneSelectView.m in Sources */ = {isa = PBXBuildFile; fileRef = BF7C3358257F643C00BF9DB0 /* RJVerifyCodePhoneSelectView.m */; };
		BF879A6325778F7B008BDDCF /* UIImage+RJAlertViewControllerAdd.m in Sources */ = {isa = PBXBuildFile; fileRef = BF879A6225778F7B008BDDCF /* UIImage+RJAlertViewControllerAdd.m */; };
		BF9F22032570A6F100DD3F19 /* RJAlertViewController.m in Sources */ = {isa = PBXBuildFile; fileRef = BF9F22022570A6F100DD3F19 /* RJAlertViewController.m */; };
		BF9F22122570EAA200DD3F19 /* RJStackViewDemoViewController.m in Sources */ = {isa = PBXBuildFile; fileRef = BF9F22112570EAA200DD3F19 /* RJStackViewDemoViewController.m */; };
		BFAA05AD2578BBFF004054FE /* RJPerson.m in Sources */ = {isa = PBXBuildFile; fileRef = BFAA05AC2578BBFF004054FE /* RJPerson.m */; };
		BFAA05B12578BC08004054FE /* RJDog.m in Sources */ = {isa = PBXBuildFile; fileRef = BFAA05B02578BC08004054FE /* RJDog.m */; };
		BFCF5B83257E2FE4009A3A86 /* RJVerifyCodeView.m in Sources */ = {isa = PBXBuildFile; fileRef = BFCF5B82257E2FE4009A3A86 /* RJVerifyCodeView.m */; };
		BFD751BA25BA69B6008983B8 /* RJAccountSelectItem.m in Sources */ = {isa = PBXBuildFile; fileRef = BFD751B925BA69B6008983B8 /* RJAccountSelectItem.m */; };
		BFD751BF25BA70BC008983B8 /* RJAlertViewGlobalConst.m in Sources */ = {isa = PBXBuildFile; fileRef = BFD751BE25BA70BC008983B8 /* RJAlertViewGlobalConst.m */; };
		BFE19C3C25762121000BB017 /* RJAlertControllerActionViewConst.m in Sources */ = {isa = PBXBuildFile; fileRef = BFE19C3B25762121000BB017 /* RJAlertControllerActionViewConst.m */; };
		BFF0BABE2582253C000D71FC /* RJDeleteZeroViewController.m in Sources */ = {isa = PBXBuildFile; fileRef = BFF0BABD2582253C000D71FC /* RJDeleteZeroViewController.m */; };
		BFF144C5257097BA00861CA9 /* RJAlertDemoViewController.m in Sources */ = {isa = PBXBuildFile; fileRef = BFF144C4257097BA00861CA9 /* RJAlertDemoViewController.m */; };
		BFF1D3F5257F6A9500B21412 /* RJVerifyCodePhoneSelectCell.m in Sources */ = {isa = PBXBuildFile; fileRef = BFF1D3F4257F6A9500B21412 /* RJVerifyCodePhoneSelectCell.m */; };
		BFF1D3F9257F6E2F00B21412 /* RJVerifyCodePhoneSelectTableHeaderView.m in Sources */ = {isa = PBXBuildFile; fileRef = BFF1D3F8257F6E2F00B21412 /* RJVerifyCodePhoneSelectTableHeaderView.m */; };
		BFF424EF2575D76900DA3359 /* RJAlertAction.m in Sources */ = {isa = PBXBuildFile; fileRef = BFF424EE2575D76900DA3359 /* RJAlertAction.m */; };
		BFF4277B257893390014951A /* RJReactiveChainDemoViewController.m in Sources */ = {isa = PBXBuildFile; fileRef = BFF4277A257893390014951A /* RJReactiveChainDemoViewController.m */; };
		BFF8E02825772FB300CEE91A /* RJMultipViewConstraintViewController.m in Sources */ = {isa = PBXBuildFile; fileRef = BFF8E02725772FB300CEE91A /* RJMultipViewConstraintViewController.m */; };
/* End PBXBuildFile section */

/* Begin PBXFileReference section */
		6EC19876DFD0ED44071BBD0C /* Pods-RJAlertViewDemo.release.xcconfig */ = {isa = PBXFileReference; includeInIndex = 1; lastKnownFileType = text.xcconfig; name = "Pods-RJAlertViewDemo.release.xcconfig"; path = "Target Support Files/Pods-RJAlertViewDemo/Pods-RJAlertViewDemo.release.xcconfig"; sourceTree = "<group>"; };
		BE5836C050B9D245E175D5D8 /* Pods-RJAlertViewDemo.debug.xcconfig */ = {isa = PBXFileReference; includeInIndex = 1; lastKnownFileType = text.xcconfig; name = "Pods-RJAlertViewDemo.debug.xcconfig"; path = "Target Support Files/Pods-RJAlertViewDemo/Pods-RJAlertViewDemo.debug.xcconfig"; sourceTree = "<group>"; };
		BF07811025B96F14004C325E /* RJMultipleAccountView.h */ = {isa = PBXFileReference; lastKnownFileType = sourcecode.c.h; path = RJMultipleAccountView.h; sourceTree = "<group>"; };
		BF07811125B96F14004C325E /* RJMultipleAccountView.m */ = {isa = PBXFileReference; lastKnownFileType = sourcecode.c.objc; path = RJMultipleAccountView.m; sourceTree = "<group>"; };
		BF07811525B9753F004C325E /* RJMultipleAccountSelectView.h */ = {isa = PBXFileReference; lastKnownFileType = sourcecode.c.h; path = RJMultipleAccountSelectView.h; sourceTree = "<group>"; };
		BF07811625B9753F004C325E /* RJMultipleAccountSelectView.m */ = {isa = PBXFileReference; lastKnownFileType = sourcecode.c.objc; path = RJMultipleAccountSelectView.m; sourceTree = "<group>"; };
		BF07811925B97556004C325E /* RJMultipleAccountSelectCell.h */ = {isa = PBXFileReference; lastKnownFileType = sourcecode.c.h; path = RJMultipleAccountSelectCell.h; sourceTree = "<group>"; };
		BF07811A25B97556004C325E /* RJMultipleAccountSelectCell.m */ = {isa = PBXFileReference; lastKnownFileType = sourcecode.c.objc; path = RJMultipleAccountSelectCell.m; sourceTree = "<group>"; };
		BF07811D25B9757D004C325E /* RJMultipleAccountSelectTableHeaderView.h */ = {isa = PBXFileReference; lastKnownFileType = sourcecode.c.h; path = RJMultipleAccountSelectTableHeaderView.h; sourceTree = "<group>"; };
		BF07811E25B9757D004C325E /* RJMultipleAccountSelectTableHeaderView.m */ = {isa = PBXFileReference; lastKnownFileType = sourcecode.c.objc; path = RJMultipleAccountSelectTableHeaderView.m; sourceTree = "<group>"; };
		BF27EC7025B9309B00D65058 /* RJProgressHUD.m */ = {isa = PBXFileReference; fileEncoding = 4; lastKnownFileType = sourcecode.c.objc; path = RJProgressHUD.m; sourceTree = "<group>"; };
		BF27EC7125B9309B00D65058 /* RJProgressHUD.h */ = {isa = PBXFileReference; fileEncoding = 4; lastKnownFileType = sourcecode.c.h; path = RJProgressHUD.h; sourceTree = "<group>"; };
		BF3524B3256CDF42005E02C4 /* RJAlertViewDemo.app */ = {isa = PBXFileReference; explicitFileType = wrapper.application; includeInIndex = 0; path = RJAlertViewDemo.app; sourceTree = BUILT_PRODUCTS_DIR; };
		BF3524B6256CDF42005E02C4 /* AppDelegate.h */ = {isa = PBXFileReference; lastKnownFileType = sourcecode.c.h; path = AppDelegate.h; sourceTree = "<group>"; };
		BF3524B7256CDF42005E02C4 /* AppDelegate.m */ = {isa = PBXFileReference; lastKnownFileType = sourcecode.c.objc; path = AppDelegate.m; sourceTree = "<group>"; };
		BF3524BC256CDF42005E02C4 /* ViewController.h */ = {isa = PBXFileReference; lastKnownFileType = sourcecode.c.h; path = ViewController.h; sourceTree = "<group>"; };
		BF3524BD256CDF42005E02C4 /* ViewController.m */ = {isa = PBXFileReference; lastKnownFileType = sourcecode.c.objc; path = ViewController.m; sourceTree = "<group>"; };
		BF3524C0256CDF42005E02C4 /* Base */ = {isa = PBXFileReference; lastKnownFileType = file.storyboard; name = Base; path = Base.lproj/Main.storyboard; sourceTree = "<group>"; };
		BF3524C2256CDF43005E02C4 /* Assets.xcassets */ = {isa = PBXFileReference; lastKnownFileType = folder.assetcatalog; path = Assets.xcassets; sourceTree = "<group>"; };
		BF3524C5256CDF43005E02C4 /* Base */ = {isa = PBXFileReference; lastKnownFileType = file.storyboard; name = Base; path = Base.lproj/LaunchScreen.storyboard; sourceTree = "<group>"; };
		BF3524C7256CDF43005E02C4 /* Info.plist */ = {isa = PBXFileReference; lastKnownFileType = text.plist.xml; path = Info.plist; sourceTree = "<group>"; };
		BF3524C8256CDF43005E02C4 /* main.m */ = {isa = PBXFileReference; lastKnownFileType = sourcecode.c.objc; path = main.m; sourceTree = "<group>"; };
		BF3524F4256CE093005E02C4 /* RJMainViewController.h */ = {isa = PBXFileReference; lastKnownFileType = sourcecode.c.h; path = RJMainViewController.h; sourceTree = "<group>"; };
		BF3524F5256CE093005E02C4 /* RJMainViewController.m */ = {isa = PBXFileReference; lastKnownFileType = sourcecode.c.objc; path = RJMainViewController.m; sourceTree = "<group>"; };
		BF60E5142574E04B00E4F0A7 /* RJAlertControllerInterfaceActionGroupView.h */ = {isa = PBXFileReference; lastKnownFileType = sourcecode.c.h; path = RJAlertControllerInterfaceActionGroupView.h; sourceTree = "<group>"; };
		BF60E5152574E04B00E4F0A7 /* RJAlertControllerInterfaceActionGroupView.m */ = {isa = PBXFileReference; lastKnownFileType = sourcecode.c.objc; path = RJAlertControllerInterfaceActionGroupView.m; sourceTree = "<group>"; };
		BF60E51A2574E06000E4F0A7 /* RJInterfaceActionGroupHeaderScrollView.h */ = {isa = PBXFileReference; lastKnownFileType = sourcecode.c.h; path = RJInterfaceActionGroupHeaderScrollView.h; sourceTree = "<group>"; };
		BF60E51B2574E06000E4F0A7 /* RJInterfaceActionGroupHeaderScrollView.m */ = {isa = PBXFileReference; lastKnownFileType = sourcecode.c.objc; path = RJInterfaceActionGroupHeaderScrollView.m; sourceTree = "<group>"; };
		BF60E5292574E13200E4F0A7 /* RJInterfaceActionRepresentationsSequenceView.h */ = {isa = PBXFileReference; lastKnownFileType = sourcecode.c.h; path = RJInterfaceActionRepresentationsSequenceView.h; sourceTree = "<group>"; };
		BF60E52A2574E13200E4F0A7 /* RJInterfaceActionRepresentationsSequenceView.m */ = {isa = PBXFileReference; lastKnownFileType = sourcecode.c.objc; path = RJInterfaceActionRepresentationsSequenceView.m; sourceTree = "<group>"; };
		BF60E52F2574E69F00E4F0A7 /* RJInterfaceActionSeparatableSequenceView.h */ = {isa = PBXFileReference; lastKnownFileType = sourcecode.c.h; path = RJInterfaceActionSeparatableSequenceView.h; sourceTree = "<group>"; };
		BF60E5302574E69F00E4F0A7 /* RJInterfaceActionSeparatableSequenceView.m */ = {isa = PBXFileReference; lastKnownFileType = sourcecode.c.objc; path = RJInterfaceActionSeparatableSequenceView.m; sourceTree = "<group>"; };
		BF60E5352574E6B000E4F0A7 /* RJAlertControllerActionView.h */ = {isa = PBXFileReference; lastKnownFileType = sourcecode.c.h; path = RJAlertControllerActionView.h; sourceTree = "<group>"; };
		BF60E5362574E6B000E4F0A7 /* RJAlertControllerActionView.m */ = {isa = PBXFileReference; lastKnownFileType = sourcecode.c.objc; path = RJAlertControllerActionView.m; sourceTree = "<group>"; };
		BF60E53B2574E6C300E4F0A7 /* RJInterfaceActionVibrantSeparatorView.h */ = {isa = PBXFileReference; lastKnownFileType = sourcecode.c.h; path = RJInterfaceActionVibrantSeparatorView.h; sourceTree = "<group>"; };
		BF60E53C2574E6C300E4F0A7 /* RJInterfaceActionVibrantSeparatorView.m */ = {isa = PBXFileReference; lastKnownFileType = sourcecode.c.objc; path = RJInterfaceActionVibrantSeparatorView.m; sourceTree = "<group>"; };
		BF7C3357257F643C00BF9DB0 /* RJVerifyCodePhoneSelectView.h */ = {isa = PBXFileReference; lastKnownFileType = sourcecode.c.h; path = RJVerifyCodePhoneSelectView.h; sourceTree = "<group>"; };
		BF7C3358257F643C00BF9DB0 /* RJVerifyCodePhoneSelectView.m */ = {isa = PBXFileReference; lastKnownFileType = sourcecode.c.objc; path = RJVerifyCodePhoneSelectView.m; sourceTree = "<group>"; };
		BF879A6125778F7B008BDDCF /* UIImage+RJAlertViewControllerAdd.h */ = {isa = PBXFileReference; lastKnownFileType = sourcecode.c.h; path = "UIImage+RJAlertViewControllerAdd.h"; sourceTree = "<group>"; };
		BF879A6225778F7B008BDDCF /* UIImage+RJAlertViewControllerAdd.m */ = {isa = PBXFileReference; lastKnownFileType = sourcecode.c.objc; path = "UIImage+RJAlertViewControllerAdd.m"; sourceTree = "<group>"; };
		BF9F22012570A6F100DD3F19 /* RJAlertViewController.h */ = {isa = PBXFileReference; lastKnownFileType = sourcecode.c.h; path = RJAlertViewController.h; sourceTree = "<group>"; };
		BF9F22022570A6F100DD3F19 /* RJAlertViewController.m */ = {isa = PBXFileReference; lastKnownFileType = sourcecode.c.objc; path = RJAlertViewController.m; sourceTree = "<group>"; };
		BF9F22102570EAA200DD3F19 /* RJStackViewDemoViewController.h */ = {isa = PBXFileReference; lastKnownFileType = sourcecode.c.h; path = RJStackViewDemoViewController.h; sourceTree = "<group>"; };
		BF9F22112570EAA200DD3F19 /* RJStackViewDemoViewController.m */ = {isa = PBXFileReference; lastKnownFileType = sourcecode.c.objc; path = RJStackViewDemoViewController.m; sourceTree = "<group>"; };
		BFAA05AB2578BBFF004054FE /* RJPerson.h */ = {isa = PBXFileReference; lastKnownFileType = sourcecode.c.h; path = RJPerson.h; sourceTree = "<group>"; };
		BFAA05AC2578BBFF004054FE /* RJPerson.m */ = {isa = PBXFileReference; lastKnownFileType = sourcecode.c.objc; path = RJPerson.m; sourceTree = "<group>"; };
		BFAA05AF2578BC08004054FE /* RJDog.h */ = {isa = PBXFileReference; lastKnownFileType = sourcecode.c.h; path = RJDog.h; sourceTree = "<group>"; };
		BFAA05B02578BC08004054FE /* RJDog.m */ = {isa = PBXFileReference; lastKnownFileType = sourcecode.c.objc; path = RJDog.m; sourceTree = "<group>"; };
		BFCF5B81257E2FE4009A3A86 /* RJVerifyCodeView.h */ = {isa = PBXFileReference; lastKnownFileType = sourcecode.c.h; path = RJVerifyCodeView.h; sourceTree = "<group>"; };
		BFCF5B82257E2FE4009A3A86 /* RJVerifyCodeView.m */ = {isa = PBXFileReference; lastKnownFileType = sourcecode.c.objc; path = RJVerifyCodeView.m; sourceTree = "<group>"; };
		BFD751B825BA69B6008983B8 /* RJAccountSelectItem.h */ = {isa = PBXFileReference; lastKnownFileType = sourcecode.c.h; path = RJAccountSelectItem.h; sourceTree = "<group>"; };
		BFD751B925BA69B6008983B8 /* RJAccountSelectItem.m */ = {isa = PBXFileReference; lastKnownFileType = sourcecode.c.objc; path = RJAccountSelectItem.m; sourceTree = "<group>"; };
		BFD751BD25BA70BC008983B8 /* RJAlertViewGlobalConst.h */ = {isa = PBXFileReference; lastKnownFileType = sourcecode.c.h; path = RJAlertViewGlobalConst.h; sourceTree = "<group>"; };
		BFD751BE25BA70BC008983B8 /* RJAlertViewGlobalConst.m */ = {isa = PBXFileReference; lastKnownFileType = sourcecode.c.objc; path = RJAlertViewGlobalConst.m; sourceTree = "<group>"; };
		BFE19C3A25762121000BB017 /* RJAlertControllerActionViewConst.h */ = {isa = PBXFileReference; lastKnownFileType = sourcecode.c.h; path = RJAlertControllerActionViewConst.h; sourceTree = "<group>"; };
		BFE19C3B25762121000BB017 /* RJAlertControllerActionViewConst.m */ = {isa = PBXFileReference; lastKnownFileType = sourcecode.c.objc; path = RJAlertControllerActionViewConst.m; sourceTree = "<group>"; };
		BFF0BABC2582253C000D71FC /* RJDeleteZeroViewController.h */ = {isa = PBXFileReference; lastKnownFileType = sourcecode.c.h; path = RJDeleteZeroViewController.h; sourceTree = "<group>"; };
		BFF0BABD2582253C000D71FC /* RJDeleteZeroViewController.m */ = {isa = PBXFileReference; lastKnownFileType = sourcecode.c.objc; path = RJDeleteZeroViewController.m; sourceTree = "<group>"; };
		BFF144C3257097BA00861CA9 /* RJAlertDemoViewController.h */ = {isa = PBXFileReference; lastKnownFileType = sourcecode.c.h; path = RJAlertDemoViewController.h; sourceTree = "<group>"; };
		BFF144C4257097BA00861CA9 /* RJAlertDemoViewController.m */ = {isa = PBXFileReference; lastKnownFileType = sourcecode.c.objc; path = RJAlertDemoViewController.m; sourceTree = "<group>"; };
		BFF1D3F3257F6A9500B21412 /* RJVerifyCodePhoneSelectCell.h */ = {isa = PBXFileReference; lastKnownFileType = sourcecode.c.h; path = RJVerifyCodePhoneSelectCell.h; sourceTree = "<group>"; };
		BFF1D3F4257F6A9500B21412 /* RJVerifyCodePhoneSelectCell.m */ = {isa = PBXFileReference; lastKnownFileType = sourcecode.c.objc; path = RJVerifyCodePhoneSelectCell.m; sourceTree = "<group>"; };
		BFF1D3F7257F6E2F00B21412 /* RJVerifyCodePhoneSelectTableHeaderView.h */ = {isa = PBXFileReference; lastKnownFileType = sourcecode.c.h; path = RJVerifyCodePhoneSelectTableHeaderView.h; sourceTree = "<group>"; };
		BFF1D3F8257F6E2F00B21412 /* RJVerifyCodePhoneSelectTableHeaderView.m */ = {isa = PBXFileReference; lastKnownFileType = sourcecode.c.objc; path = RJVerifyCodePhoneSelectTableHeaderView.m; sourceTree = "<group>"; };
		BFF424ED2575D76900DA3359 /* RJAlertAction.h */ = {isa = PBXFileReference; lastKnownFileType = sourcecode.c.h; path = RJAlertAction.h; sourceTree = "<group>"; };
		BFF424EE2575D76900DA3359 /* RJAlertAction.m */ = {isa = PBXFileReference; lastKnownFileType = sourcecode.c.objc; path = RJAlertAction.m; sourceTree = "<group>"; };
		BFF424F22575E74F00DA3359 /* RJAlertViewConst.h */ = {isa = PBXFileReference; lastKnownFileType = sourcecode.c.h; path = RJAlertViewConst.h; sourceTree = "<group>"; };
		BFF42779257893390014951A /* RJReactiveChainDemoViewController.h */ = {isa = PBXFileReference; lastKnownFileType = sourcecode.c.h; path = RJReactiveChainDemoViewController.h; sourceTree = "<group>"; };
		BFF4277A257893390014951A /* RJReactiveChainDemoViewController.m */ = {isa = PBXFileReference; lastKnownFileType = sourcecode.c.objc; path = RJReactiveChainDemoViewController.m; sourceTree = "<group>"; };
		BFF8E02625772FB300CEE91A /* RJMultipViewConstraintViewController.h */ = {isa = PBXFileReference; lastKnownFileType = sourcecode.c.h; path = RJMultipViewConstraintViewController.h; sourceTree = "<group>"; };
		BFF8E02725772FB300CEE91A /* RJMultipViewConstraintViewController.m */ = {isa = PBXFileReference; lastKnownFileType = sourcecode.c.objc; path = RJMultipViewConstraintViewController.m; sourceTree = "<group>"; };
		CD96C178E13A4B363E67E7A8 /* Pods-RJiPhoneXAdaptDemo.release.xcconfig */ = {isa = PBXFileReference; includeInIndex = 1; lastKnownFileType = text.xcconfig; name = "Pods-RJiPhoneXAdaptDemo.release.xcconfig"; path = "Target Support Files/Pods-RJiPhoneXAdaptDemo/Pods-RJiPhoneXAdaptDemo.release.xcconfig"; sourceTree = "<group>"; };
		E527CC2319A59EE86FB15DC2 /* Pods_RJAlertViewDemo.framework */ = {isa = PBXFileReference; explicitFileType = wrapper.framework; includeInIndex = 0; path = Pods_RJAlertViewDemo.framework; sourceTree = BUILT_PRODUCTS_DIR; };
		F3B5EFE4F4433A9106D19EE0 /* Pods-RJiPhoneXAdaptDemo.debug.xcconfig */ = {isa = PBXFileReference; includeInIndex = 1; lastKnownFileType = text.xcconfig; name = "Pods-RJiPhoneXAdaptDemo.debug.xcconfig"; path = "Target Support Files/Pods-RJiPhoneXAdaptDemo/Pods-RJiPhoneXAdaptDemo.debug.xcconfig"; sourceTree = "<group>"; };
/* End PBXFileReference section */

/* Begin PBXFrameworksBuildPhase section */
		BF3524B0256CDF42005E02C4 /* Frameworks */ = {
			isa = PBXFrameworksBuildPhase;
			buildActionMask = 2147483647;
			files = (
				97187949EB248CA2DC085448 /* Pods_RJAlertViewDemo.framework in Frameworks */,
			);
			runOnlyForDeploymentPostprocessing = 0;
		};
/* End PBXFrameworksBuildPhase section */

/* Begin PBXGroup section */
		9ACC4E1F0EFF0F18DA1045D3 /* Pods */ = {
			isa = PBXGroup;
			children = (
				F3B5EFE4F4433A9106D19EE0 /* Pods-RJiPhoneXAdaptDemo.debug.xcconfig */,
				CD96C178E13A4B363E67E7A8 /* Pods-RJiPhoneXAdaptDemo.release.xcconfig */,
				BE5836C050B9D245E175D5D8 /* Pods-RJAlertViewDemo.debug.xcconfig */,
				6EC19876DFD0ED44071BBD0C /* Pods-RJAlertViewDemo.release.xcconfig */,
			);
			path = Pods;
			sourceTree = "<group>";
		};
		BF27EC6F25B9305300D65058 /* General */ = {
			isa = PBXGroup;
			children = (
				BF27EC7125B9309B00D65058 /* RJProgressHUD.h */,
				BF27EC7025B9309B00D65058 /* RJProgressHUD.m */,
			);
			path = General;
			sourceTree = "<group>";
		};
		BF27EC7525B930D200D65058 /* Helper */ = {
			isa = PBXGroup;
			children = (
				BF27EC7625B930EB00D65058 /* AccountSelect */,
				BFCF5B80257E2F9C009A3A86 /* PhoneSelect */,
			);
			path = Helper;
			sourceTree = "<group>";
		};
		BF27EC7625B930EB00D65058 /* AccountSelect */ = {
			isa = PBXGroup;
			children = (
				BF07811025B96F14004C325E /* RJMultipleAccountView.h */,
				BF07811125B96F14004C325E /* RJMultipleAccountView.m */,
				BF07811525B9753F004C325E /* RJMultipleAccountSelectView.h */,
				BF07811625B9753F004C325E /* RJMultipleAccountSelectView.m */,
				BF07811925B97556004C325E /* RJMultipleAccountSelectCell.h */,
				BF07811A25B97556004C325E /* RJMultipleAccountSelectCell.m */,
				BF07811D25B9757D004C325E /* RJMultipleAccountSelectTableHeaderView.h */,
				BF07811E25B9757D004C325E /* RJMultipleAccountSelectTableHeaderView.m */,
				BFD751B825BA69B6008983B8 /* RJAccountSelectItem.h */,
				BFD751B925BA69B6008983B8 /* RJAccountSelectItem.m */,
			);
			path = AccountSelect;
			sourceTree = "<group>";
		};
		BF3524AA256CDF42005E02C4 = {
			isa = PBXGroup;
			children = (
				BF3524B5256CDF42005E02C4 /* RJAlertViewDemo */,
				BF3524B4256CDF42005E02C4 /* Products */,
				9ACC4E1F0EFF0F18DA1045D3 /* Pods */,
				D280D08548937AE9C2374642 /* Frameworks */,
			);
			sourceTree = "<group>";
		};
		BF3524B4256CDF42005E02C4 /* Products */ = {
			isa = PBXGroup;
			children = (
				BF3524B3256CDF42005E02C4 /* RJAlertViewDemo.app */,
			);
			name = Products;
			sourceTree = "<group>";
		};
		BF3524B5256CDF42005E02C4 /* RJAlertViewDemo */ = {
			isa = PBXGroup;
			children = (
				BF27EC7525B930D200D65058 /* Helper */,
				BF27EC6F25B9305300D65058 /* General */,
				BF6A28682578BB5100A96AF4 /* ReactiveChain */,
				BF9F22002570A6D600DD3F19 /* AlertViewController */,
				BF3524FA256CE098005E02C4 /* ViewControllers */,
				BF3524B6256CDF42005E02C4 /* AppDelegate.h */,
				BF3524B7256CDF42005E02C4 /* AppDelegate.m */,
				BF3524BC256CDF42005E02C4 /* ViewController.h */,
				BF3524BD256CDF42005E02C4 /* ViewController.m */,
				BF3524BF256CDF42005E02C4 /* Main.storyboard */,
				BF3524C2256CDF43005E02C4 /* Assets.xcassets */,
				BF3524C4256CDF43005E02C4 /* LaunchScreen.storyboard */,
				BF3524C7256CDF43005E02C4 /* Info.plist */,
				BF3524C8256CDF43005E02C4 /* main.m */,
			);
			path = RJAlertViewDemo;
			sourceTree = "<group>";
		};
		BF3524FA256CE098005E02C4 /* ViewControllers */ = {
			isa = PBXGroup;
			children = (
				BFF0BABC2582253C000D71FC /* RJDeleteZeroViewController.h */,
				BFF0BABD2582253C000D71FC /* RJDeleteZeroViewController.m */,
				BF9F22102570EAA200DD3F19 /* RJStackViewDemoViewController.h */,
				BF9F22112570EAA200DD3F19 /* RJStackViewDemoViewController.m */,
				BFF144C3257097BA00861CA9 /* RJAlertDemoViewController.h */,
				BFF144C4257097BA00861CA9 /* RJAlertDemoViewController.m */,
				BF3524F4256CE093005E02C4 /* RJMainViewController.h */,
				BF3524F5256CE093005E02C4 /* RJMainViewController.m */,
				BFF8E02625772FB300CEE91A /* RJMultipViewConstraintViewController.h */,
				BFF8E02725772FB300CEE91A /* RJMultipViewConstraintViewController.m */,
			);
			path = ViewControllers;
			sourceTree = "<group>";
		};
		BF60E5412574E6CF00E4F0A7 /* Action */ = {
			isa = PBXGroup;
			children = (
				BFE19C3A25762121000BB017 /* RJAlertControllerActionViewConst.h */,
				BFE19C3B25762121000BB017 /* RJAlertControllerActionViewConst.m */,
				BF60E5292574E13200E4F0A7 /* RJInterfaceActionRepresentationsSequenceView.h */,
				BF60E52A2574E13200E4F0A7 /* RJInterfaceActionRepresentationsSequenceView.m */,
				BF60E52F2574E69F00E4F0A7 /* RJInterfaceActionSeparatableSequenceView.h */,
				BF60E5302574E69F00E4F0A7 /* RJInterfaceActionSeparatableSequenceView.m */,
				BF60E5352574E6B000E4F0A7 /* RJAlertControllerActionView.h */,
				BF60E5362574E6B000E4F0A7 /* RJAlertControllerActionView.m */,
				BFF424ED2575D76900DA3359 /* RJAlertAction.h */,
				BFF424EE2575D76900DA3359 /* RJAlertAction.m */,
				BF60E53B2574E6C300E4F0A7 /* RJInterfaceActionVibrantSeparatorView.h */,
				BF60E53C2574E6C300E4F0A7 /* RJInterfaceActionVibrantSeparatorView.m */,
			);
			path = Action;
			sourceTree = "<group>";
		};
		BF60E5422574E6DA00E4F0A7 /* Header */ = {
			isa = PBXGroup;
			children = (
				BF60E51A2574E06000E4F0A7 /* RJInterfaceActionGroupHeaderScrollView.h */,
				BF60E51B2574E06000E4F0A7 /* RJInterfaceActionGroupHeaderScrollView.m */,
			);
			path = Header;
			sourceTree = "<group>";
		};
		BF6A28682578BB5100A96AF4 /* ReactiveChain */ = {
			isa = PBXGroup;
			children = (
				BFF42779257893390014951A /* RJReactiveChainDemoViewController.h */,
				BFF4277A257893390014951A /* RJReactiveChainDemoViewController.m */,
				BFAA05AB2578BBFF004054FE /* RJPerson.h */,
				BFAA05AC2578BBFF004054FE /* RJPerson.m */,
				BFAA05AF2578BC08004054FE /* RJDog.h */,
				BFAA05B02578BC08004054FE /* RJDog.m */,
			);
			path = ReactiveChain;
			sourceTree = "<group>";
		};
		BF879A5B25778D90008BDDCF /* UIKit */ = {
			isa = PBXGroup;
			children = (
				BF879A6125778F7B008BDDCF /* UIImage+RJAlertViewControllerAdd.h */,
				BF879A6225778F7B008BDDCF /* UIImage+RJAlertViewControllerAdd.m */,
			);
			path = UIKit;
			sourceTree = "<group>";
		};
		BF9F22002570A6D600DD3F19 /* AlertViewController */ = {
			isa = PBXGroup;
			children = (
				BFF424F22575E74F00DA3359 /* RJAlertViewConst.h */,
				BFD751BD25BA70BC008983B8 /* RJAlertViewGlobalConst.h */,
				BFD751BE25BA70BC008983B8 /* RJAlertViewGlobalConst.m */,
				BF9F22012570A6F100DD3F19 /* RJAlertViewController.h */,
				BF9F22022570A6F100DD3F19 /* RJAlertViewController.m */,
				BF60E5142574E04B00E4F0A7 /* RJAlertControllerInterfaceActionGroupView.h */,
				BF60E5152574E04B00E4F0A7 /* RJAlertControllerInterfaceActionGroupView.m */,
				BF60E5422574E6DA00E4F0A7 /* Header */,
				BF60E5412574E6CF00E4F0A7 /* Action */,
				BF879A5B25778D90008BDDCF /* UIKit */,
			);
			path = AlertViewController;
			sourceTree = "<group>";
		};
		BFCF5B80257E2F9C009A3A86 /* PhoneSelect */ = {
			isa = PBXGroup;
			children = (
				BFCF5B81257E2FE4009A3A86 /* RJVerifyCodeView.h */,
				BFCF5B82257E2FE4009A3A86 /* RJVerifyCodeView.m */,
				BF7C3357257F643C00BF9DB0 /* RJVerifyCodePhoneSelectView.h */,
				BF7C3358257F643C00BF9DB0 /* RJVerifyCodePhoneSelectView.m */,
				BFF1D3F3257F6A9500B21412 /* RJVerifyCodePhoneSelectCell.h */,
				BFF1D3F4257F6A9500B21412 /* RJVerifyCodePhoneSelectCell.m */,
				BFF1D3F7257F6E2F00B21412 /* RJVerifyCodePhoneSelectTableHeaderView.h */,
				BFF1D3F8257F6E2F00B21412 /* RJVerifyCodePhoneSelectTableHeaderView.m */,
			);
			path = PhoneSelect;
			sourceTree = "<group>";
		};
		D280D08548937AE9C2374642 /* Frameworks */ = {
			isa = PBXGroup;
			children = (
				E527CC2319A59EE86FB15DC2 /* Pods_RJAlertViewDemo.framework */,
			);
			name = Frameworks;
			sourceTree = "<group>";
		};
/* End PBXGroup section */

/* Begin PBXNativeTarget section */
		BF3524B2256CDF42005E02C4 /* RJAlertViewDemo */ = {
			isa = PBXNativeTarget;
			buildConfigurationList = BF3524E2256CDF43005E02C4 /* Build configuration list for PBXNativeTarget "RJAlertViewDemo" */;
			buildPhases = (
				4756AD999EDEC636C91071BE /* [CP] Check Pods Manifest.lock */,
				BF3524AF256CDF42005E02C4 /* Sources */,
				BF3524B0256CDF42005E02C4 /* Frameworks */,
				BF3524B1256CDF42005E02C4 /* Resources */,
				2666C48771DE0A0EF33627B2 /* [CP] Embed Pods Frameworks */,
			);
			buildRules = (
			);
			dependencies = (
			);
			name = RJAlertViewDemo;
			productName = RJiPhoneXAdaptDemo;
			productReference = BF3524B3256CDF42005E02C4 /* RJAlertViewDemo.app */;
			productType = "com.apple.product-type.application";
		};
/* End PBXNativeTarget section */

/* Begin PBXProject section */
		BF3524AB256CDF42005E02C4 /* Project object */ = {
			isa = PBXProject;
			attributes = {
				CLASSPREFIX = RJ;
				LastUpgradeCheck = 1220;
				ORGANIZATIONNAME = RJSoft;
				TargetAttributes = {
					BF3524B2256CDF42005E02C4 = {
						CreatedOnToolsVersion = 12.2;
					};
				};
			};
			buildConfigurationList = BF3524AE256CDF42005E02C4 /* Build configuration list for PBXProject "RJAlertViewDemo" */;
			compatibilityVersion = "Xcode 9.3";
			developmentRegion = en;
			hasScannedForEncodings = 0;
			knownRegions = (
				en,
				Base,
			);
			mainGroup = BF3524AA256CDF42005E02C4;
			productRefGroup = BF3524B4256CDF42005E02C4 /* Products */;
			projectDirPath = "";
			projectRoot = "";
			targets = (
				BF3524B2256CDF42005E02C4 /* RJAlertViewDemo */,
			);
		};
/* End PBXProject section */

/* Begin PBXResourcesBuildPhase section */
		BF3524B1256CDF42005E02C4 /* Resources */ = {
			isa = PBXResourcesBuildPhase;
			buildActionMask = 2147483647;
			files = (
				BF3524C6256CDF43005E02C4 /* LaunchScreen.storyboard in Resources */,
				BF3524C3256CDF43005E02C4 /* Assets.xcassets in Resources */,
				BF3524C1256CDF42005E02C4 /* Main.storyboard in Resources */,
			);
			runOnlyForDeploymentPostprocessing = 0;
		};
/* End PBXResourcesBuildPhase section */

/* Begin PBXShellScriptBuildPhase section */
		2666C48771DE0A0EF33627B2 /* [CP] Embed Pods Frameworks */ = {
			isa = PBXShellScriptBuildPhase;
			buildActionMask = 2147483647;
			files = (
			);
			inputFileListPaths = (
				"${PODS_ROOT}/Target Support Files/Pods-RJAlertViewDemo/Pods-RJAlertViewDemo-frameworks-${CONFIGURATION}-input-files.xcfilelist",
			);
			name = "[CP] Embed Pods Frameworks";
			outputFileListPaths = (
				"${PODS_ROOT}/Target Support Files/Pods-RJAlertViewDemo/Pods-RJAlertViewDemo-frameworks-${CONFIGURATION}-output-files.xcfilelist",
			);
			runOnlyForDeploymentPostprocessing = 0;
			shellPath = /bin/sh;
			shellScript = "\"${PODS_ROOT}/Target Support Files/Pods-RJAlertViewDemo/Pods-RJAlertViewDemo-frameworks.sh\"\n";
			showEnvVarsInLog = 0;
		};
		4756AD999EDEC636C91071BE /* [CP] Check Pods Manifest.lock */ = {
			isa = PBXShellScriptBuildPhase;
			buildActionMask = 2147483647;
			files = (
			);
			inputFileListPaths = (
			);
			inputPaths = (
				"${PODS_PODFILE_DIR_PATH}/Podfile.lock",
				"${PODS_ROOT}/Manifest.lock",
			);
			name = "[CP] Check Pods Manifest.lock";
			outputFileListPaths = (
			);
			outputPaths = (
				"$(DERIVED_FILE_DIR)/Pods-RJAlertViewDemo-checkManifestLockResult.txt",
			);
			runOnlyForDeploymentPostprocessing = 0;
			shellPath = /bin/sh;
			shellScript = "diff \"${PODS_PODFILE_DIR_PATH}/Podfile.lock\" \"${PODS_ROOT}/Manifest.lock\" > /dev/null\nif [ $? != 0 ] ; then\n    # print error to STDERR\n    echo \"error: The sandbox is not in sync with the Podfile.lock. Run 'pod install' or update your CocoaPods installation.\" >&2\n    exit 1\nfi\n# This output is used by Xcode 'outputs' to avoid re-running this script phase.\necho \"SUCCESS\" > \"${SCRIPT_OUTPUT_FILE_0}\"\n";
			showEnvVarsInLog = 0;
		};
/* End PBXShellScriptBuildPhase section */

/* Begin PBXSourcesBuildPhase section */
		BF3524AF256CDF42005E02C4 /* Sources */ = {
			isa = PBXSourcesBuildPhase;
			buildActionMask = 2147483647;
			files = (
				BFAA05B12578BC08004054FE /* RJDog.m in Sources */,
				BFE19C3C25762121000BB017 /* RJAlertControllerActionViewConst.m in Sources */,
				BFAA05AD2578BBFF004054FE /* RJPerson.m in Sources */,
				BFF144C5257097BA00861CA9 /* RJAlertDemoViewController.m in Sources */,
				BFF424EF2575D76900DA3359 /* RJAlertAction.m in Sources */,
				BFF1D3F9257F6E2F00B21412 /* RJVerifyCodePhoneSelectTableHeaderView.m in Sources */,
				BFF0BABE2582253C000D71FC /* RJDeleteZeroViewController.m in Sources */,
				BFD751BA25BA69B6008983B8 /* RJAccountSelectItem.m in Sources */,
				BF9F22122570EAA200DD3F19 /* RJStackViewDemoViewController.m in Sources */,
				BF07811725B9753F004C325E /* RJMultipleAccountSelectView.m in Sources */,
				BF60E52B2574E13200E4F0A7 /* RJInterfaceActionRepresentationsSequenceView.m in Sources */,
				BF3524BE256CDF42005E02C4 /* ViewController.m in Sources */,
				BF3524F6256CE093005E02C4 /* RJMainViewController.m in Sources */,
				BFF8E02825772FB300CEE91A /* RJMultipViewConstraintViewController.m in Sources */,
				BFF4277B257893390014951A /* RJReactiveChainDemoViewController.m in Sources */,
				BF60E5372574E6B000E4F0A7 /* RJAlertControllerActionView.m in Sources */,
				BF879A6325778F7B008BDDCF /* UIImage+RJAlertViewControllerAdd.m in Sources */,
				BF07811F25B9757D004C325E /* RJMultipleAccountSelectTableHeaderView.m in Sources */,
				BFCF5B83257E2FE4009A3A86 /* RJVerifyCodeView.m in Sources */,
				BF3524B8256CDF42005E02C4 /* AppDelegate.m in Sources */,
				BF60E5312574E69F00E4F0A7 /* RJInterfaceActionSeparatableSequenceView.m in Sources */,
				BF07811225B96F14004C325E /* RJMultipleAccountView.m in Sources */,
				BFF1D3F5257F6A9500B21412 /* RJVerifyCodePhoneSelectCell.m in Sources */,
				BF7C3359257F643C00BF9DB0 /* RJVerifyCodePhoneSelectView.m in Sources */,
				BF60E51C2574E06000E4F0A7 /* RJInterfaceActionGroupHeaderScrollView.m in Sources */,
				BF60E53D2574E6C300E4F0A7 /* RJInterfaceActionVibrantSeparatorView.m in Sources */,
				BFD751BF25BA70BC008983B8 /* RJAlertViewGlobalConst.m in Sources */,
				BF27EC7225B9309B00D65058 /* RJProgressHUD.m in Sources */,
				BF07811B25B97556004C325E /* RJMultipleAccountSelectCell.m in Sources */,
				BF60E5162574E04B00E4F0A7 /* RJAlertControllerInterfaceActionGroupView.m in Sources */,
				BF3524C9256CDF43005E02C4 /* main.m in Sources */,
				BF9F22032570A6F100DD3F19 /* RJAlertViewController.m in Sources */,
			);
			runOnlyForDeploymentPostprocessing = 0;
		};
/* End PBXSourcesBuildPhase section */

/* Begin PBXVariantGroup section */
		BF3524BF256CDF42005E02C4 /* Main.storyboard */ = {
			isa = PBXVariantGroup;
			children = (
				BF3524C0256CDF42005E02C4 /* Base */,
			);
			name = Main.storyboard;
			sourceTree = "<group>";
		};
		BF3524C4256CDF43005E02C4 /* LaunchScreen.storyboard */ = {
			isa = PBXVariantGroup;
			children = (
				BF3524C5256CDF43005E02C4 /* Base */,
			);
			name = LaunchScreen.storyboard;
			sourceTree = "<group>";
		};
/* End PBXVariantGroup section */

/* Begin XCBuildConfiguration section */
		BF3524E0256CDF43005E02C4 /* Debug */ = {
			isa = XCBuildConfiguration;
			buildSettings = {
				ALWAYS_SEARCH_USER_PATHS = NO;
				CLANG_ANALYZER_NONNULL = YES;
				CLANG_ANALYZER_NUMBER_OBJECT_CONVERSION = YES_AGGRESSIVE;
				CLANG_CXX_LANGUAGE_STANDARD = "gnu++14";
				CLANG_CXX_LIBRARY = "libc++";
				CLANG_ENABLE_MODULES = YES;
				CLANG_ENABLE_OBJC_ARC = YES;
				CLANG_ENABLE_OBJC_WEAK = YES;
				CLANG_WARN_BLOCK_CAPTURE_AUTORELEASING = YES;
				CLANG_WARN_BOOL_CONVERSION = YES;
				CLANG_WARN_COMMA = YES;
				CLANG_WARN_CONSTANT_CONVERSION = YES;
				CLANG_WARN_DEPRECATED_OBJC_IMPLEMENTATIONS = YES;
				CLANG_WARN_DIRECT_OBJC_ISA_USAGE = YES_ERROR;
				CLANG_WARN_DOCUMENTATION_COMMENTS = YES;
				CLANG_WARN_EMPTY_BODY = YES;
				CLANG_WARN_ENUM_CONVERSION = YES;
				CLANG_WARN_INFINITE_RECURSION = YES;
				CLANG_WARN_INT_CONVERSION = YES;
				CLANG_WARN_NON_LITERAL_NULL_CONVERSION = YES;
				CLANG_WARN_OBJC_IMPLICIT_RETAIN_SELF = YES;
				CLANG_WARN_OBJC_LITERAL_CONVERSION = YES;
				CLANG_WARN_OBJC_ROOT_CLASS = YES_ERROR;
				CLANG_WARN_QUOTED_INCLUDE_IN_FRAMEWORK_HEADER = YES;
				CLANG_WARN_RANGE_LOOP_ANALYSIS = YES;
				CLANG_WARN_STRICT_PROTOTYPES = YES;
				CLANG_WARN_SUSPICIOUS_MOVE = YES;
				CLANG_WARN_UNGUARDED_AVAILABILITY = YES_AGGRESSIVE;
				CLANG_WARN_UNREACHABLE_CODE = YES;
				CLANG_WARN__DUPLICATE_METHOD_MATCH = YES;
				COPY_PHASE_STRIP = NO;
				DEBUG_INFORMATION_FORMAT = dwarf;
				ENABLE_STRICT_OBJC_MSGSEND = YES;
				ENABLE_TESTABILITY = YES;
				GCC_C_LANGUAGE_STANDARD = gnu11;
				GCC_DYNAMIC_NO_PIC = NO;
				GCC_NO_COMMON_BLOCKS = YES;
				GCC_OPTIMIZATION_LEVEL = 0;
				GCC_PREPROCESSOR_DEFINITIONS = (
					"DEBUG=1",
					"$(inherited)",
				);
				GCC_WARN_64_TO_32_BIT_CONVERSION = YES;
				GCC_WARN_ABOUT_RETURN_TYPE = YES_ERROR;
				GCC_WARN_UNDECLARED_SELECTOR = YES;
				GCC_WARN_UNINITIALIZED_AUTOS = YES_AGGRESSIVE;
				GCC_WARN_UNUSED_FUNCTION = YES;
				GCC_WARN_UNUSED_VARIABLE = YES;
				IPHONEOS_DEPLOYMENT_TARGET = 14.2;
				MTL_ENABLE_DEBUG_INFO = INCLUDE_SOURCE;
				MTL_FAST_MATH = YES;
				ONLY_ACTIVE_ARCH = YES;
				SDKROOT = iphoneos;
			};
			name = Debug;
		};
		BF3524E1256CDF43005E02C4 /* Release */ = {
			isa = XCBuildConfiguration;
			buildSettings = {
				ALWAYS_SEARCH_USER_PATHS = NO;
				CLANG_ANALYZER_NONNULL = YES;
				CLANG_ANALYZER_NUMBER_OBJECT_CONVERSION = YES_AGGRESSIVE;
				CLANG_CXX_LANGUAGE_STANDARD = "gnu++14";
				CLANG_CXX_LIBRARY = "libc++";
				CLANG_ENABLE_MODULES = YES;
				CLANG_ENABLE_OBJC_ARC = YES;
				CLANG_ENABLE_OBJC_WEAK = YES;
				CLANG_WARN_BLOCK_CAPTURE_AUTORELEASING = YES;
				CLANG_WARN_BOOL_CONVERSION = YES;
				CLANG_WARN_COMMA = YES;
				CLANG_WARN_CONSTANT_CONVERSION = YES;
				CLANG_WARN_DEPRECATED_OBJC_IMPLEMENTATIONS = YES;
				CLANG_WARN_DIRECT_OBJC_ISA_USAGE = YES_ERROR;
				CLANG_WARN_DOCUMENTATION_COMMENTS = YES;
				CLANG_WARN_EMPTY_BODY = YES;
				CLANG_WARN_ENUM_CONVERSION = YES;
				CLANG_WARN_INFINITE_RECURSION = YES;
				CLANG_WARN_INT_CONVERSION = YES;
				CLANG_WARN_NON_LITERAL_NULL_CONVERSION = YES;
				CLANG_WARN_OBJC_IMPLICIT_RETAIN_SELF = YES;
				CLANG_WARN_OBJC_LITERAL_CONVERSION = YES;
				CLANG_WARN_OBJC_ROOT_CLASS = YES_ERROR;
				CLANG_WARN_QUOTED_INCLUDE_IN_FRAMEWORK_HEADER = YES;
				CLANG_WARN_RANGE_LOOP_ANALYSIS = YES;
				CLANG_WARN_STRICT_PROTOTYPES = YES;
				CLANG_WARN_SUSPICIOUS_MOVE = YES;
				CLANG_WARN_UNGUARDED_AVAILABILITY = YES_AGGRESSIVE;
				CLANG_WARN_UNREACHABLE_CODE = YES;
				CLANG_WARN__DUPLICATE_METHOD_MATCH = YES;
				COPY_PHASE_STRIP = NO;
				DEBUG_INFORMATION_FORMAT = "dwarf-with-dsym";
				ENABLE_NS_ASSERTIONS = NO;
				ENABLE_STRICT_OBJC_MSGSEND = YES;
				GCC_C_LANGUAGE_STANDARD = gnu11;
				GCC_NO_COMMON_BLOCKS = YES;
				GCC_WARN_64_TO_32_BIT_CONVERSION = YES;
				GCC_WARN_ABOUT_RETURN_TYPE = YES_ERROR;
				GCC_WARN_UNDECLARED_SELECTOR = YES;
				GCC_WARN_UNINITIALIZED_AUTOS = YES_AGGRESSIVE;
				GCC_WARN_UNUSED_FUNCTION = YES;
				GCC_WARN_UNUSED_VARIABLE = YES;
				IPHONEOS_DEPLOYMENT_TARGET = 14.2;
				MTL_ENABLE_DEBUG_INFO = NO;
				MTL_FAST_MATH = YES;
				SDKROOT = iphoneos;
				VALIDATE_PRODUCT = YES;
			};
			name = Release;
		};
		BF3524E3256CDF43005E02C4 /* Debug */ = {
			isa = XCBuildConfiguration;
			baseConfigurationReference = BE5836C050B9D245E175D5D8 /* Pods-RJAlertViewDemo.debug.xcconfig */;
			buildSettings = {
				ASSETCATALOG_COMPILER_APPICON_NAME = AppIcon;
				ASSETCATALOG_COMPILER_GLOBAL_ACCENT_COLOR_NAME = AccentColor;
				CODE_SIGN_STYLE = Automatic;
				DEVELOPMENT_TEAM = RJ2G45B9KH;
				INFOPLIST_FILE = RJAlertViewDemo/Info.plist;
				IPHONEOS_DEPLOYMENT_TARGET = 10.0;
				LD_RUNPATH_SEARCH_PATHS = (
					"$(inherited)",
					"@executable_path/Frameworks",
				);
				PRODUCT_BUNDLE_IDENTIFIER = com.RJSoftware.RJAlertViewDemo;
				PRODUCT_NAME = "$(TARGET_NAME)";
				TARGETED_DEVICE_FAMILY = "1,2";
			};
			name = Debug;
		};
		BF3524E4256CDF43005E02C4 /* Release */ = {
			isa = XCBuildConfiguration;
			baseConfigurationReference = 6EC19876DFD0ED44071BBD0C /* Pods-RJAlertViewDemo.release.xcconfig */;
			buildSettings = {
				ASSETCATALOG_COMPILER_APPICON_NAME = AppIcon;
				ASSETCATALOG_COMPILER_GLOBAL_ACCENT_COLOR_NAME = AccentColor;
				CODE_SIGN_STYLE = Automatic;
				DEVELOPMENT_TEAM = RJ2G45B9KH;
				GCC_PREPROCESSOR_DEFINITIONS = (
					"$(inherited)",
					"COCOAPODS=1",
				);
				INFOPLIST_FILE = RJAlertViewDemo/Info.plist;
				IPHONEOS_DEPLOYMENT_TARGET = 10.0;
				LD_RUNPATH_SEARCH_PATHS = (
					"$(inherited)",
					"@executable_path/Frameworks",
				);
				PRODUCT_BUNDLE_IDENTIFIER = com.RJSoftware.RJAlertViewDemo;
				PRODUCT_NAME = "$(TARGET_NAME)";
				TARGETED_DEVICE_FAMILY = "1,2";
			};
			name = Release;
		};
/* End XCBuildConfiguration section */

/* Begin XCConfigurationList section */
		BF3524AE256CDF42005E02C4 /* Build configuration list for PBXProject "RJAlertViewDemo" */ = {
			isa = XCConfigurationList;
			buildConfigurations = (
				BF3524E0256CDF43005E02C4 /* Debug */,
				BF3524E1256CDF43005E02C4 /* Release */,
			);
			defaultConfigurationIsVisible = 0;
			defaultConfigurationName = Release;
		};
		BF3524E2256CDF43005E02C4 /* Build configuration list for PBXNativeTarget "RJAlertViewDemo" */ = {
			isa = XCConfigurationList;
			buildConfigurations = (
				BF3524E3256CDF43005E02C4 /* Debug */,
				BF3524E4256CDF43005E02C4 /* Release */,
			);
			defaultConfigurationIsVisible = 0;
			defaultConfigurationName = Release;
		};
/* End XCConfigurationList section */
	};
	rootObject = BF3524AB256CDF42005E02C4 /* Project object */;
}
