// !$*UTF8*$!
{
	archiveVersion = 1;
	classes = {
	};
	objectVersion = 50;
	objects = {

/* Begin PBXBuildFile section */
		BF3524B8256CDF42005E02C4 /* AppDelegate.m in Sources */ = {isa = PBXBuildFile; fileRef = BF3524B7256CDF42005E02C4 /* AppDelegate.m */; };
		BF3524BB256CDF42005E02C4 /* SceneDelegate.m in Sources */ = {isa = PBXBuildFile; fileRef = BF3524BA256CDF42005E02C4 /* SceneDelegate.m */; };
		BF3524BE256CDF42005E02C4 /* ViewController.m in Sources */ = {isa = PBXBuildFile; fileRef = BF3524BD256CDF42005E02C4 /* ViewController.m */; };
		BF3524C1256CDF42005E02C4 /* Main.storyboard in Resources */ = {isa = PBXBuildFile; fileRef = BF3524BF256CDF42005E02C4 /* Main.storyboard */; };
		BF3524C3256CDF43005E02C4 /* Assets.xcassets in Resources */ = {isa = PBXBuildFile; fileRef = BF3524C2256CDF43005E02C4 /* Assets.xcassets */; };
		BF3524C6256CDF43005E02C4 /* LaunchScreen.storyboard in Resources */ = {isa = PBXBuildFile; fileRef = BF3524C4256CDF43005E02C4 /* LaunchScreen.storyboard */; };
		BF3524C9256CDF43005E02C4 /* main.m in Sources */ = {isa = PBXBuildFile; fileRef = BF3524C8256CDF43005E02C4 /* main.m */; };
		BF3524D3256CDF43005E02C4 /* RJiPhoneXAdaptDemoTests.m in Sources */ = {isa = PBXBuildFile; fileRef = BF3524D2256CDF43005E02C4 /* RJiPhoneXAdaptDemoTests.m */; };
		BF3524DE256CDF43005E02C4 /* RJiPhoneXAdaptDemoUITests.m in Sources */ = {isa = PBXBuildFile; fileRef = BF3524DD256CDF43005E02C4 /* RJiPhoneXAdaptDemoUITests.m */; };
/* End PBXBuildFile section */

/* Begin PBXContainerItemProxy section */
		BF3524CF256CDF43005E02C4 /* PBXContainerItemProxy */ = {
			isa = PBXContainerItemProxy;
			containerPortal = BF3524AB256CDF42005E02C4 /* Project object */;
			proxyType = 1;
			remoteGlobalIDString = BF3524B2256CDF42005E02C4;
			remoteInfo = RJiPhoneXAdaptDemo;
		};
		BF3524DA256CDF43005E02C4 /* PBXContainerItemProxy */ = {
			isa = PBXContainerItemProxy;
			containerPortal = BF3524AB256CDF42005E02C4 /* Project object */;
			proxyType = 1;
			remoteGlobalIDString = BF3524B2256CDF42005E02C4;
			remoteInfo = RJiPhoneXAdaptDemo;
		};
/* End PBXContainerItemProxy section */

/* Begin PBXFileReference section */
		BF3524B3256CDF42005E02C4 /* RJiPhoneXAdaptDemo.app */ = {isa = PBXFileReference; explicitFileType = wrapper.application; includeInIndex = 0; path = RJiPhoneXAdaptDemo.app; sourceTree = BUILT_PRODUCTS_DIR; };
		BF3524B6256CDF42005E02C4 /* AppDelegate.h */ = {isa = PBXFileReference; lastKnownFileType = sourcecode.c.h; path = AppDelegate.h; sourceTree = "<group>"; };
		BF3524B7256CDF42005E02C4 /* AppDelegate.m */ = {isa = PBXFileReference; lastKnownFileType = sourcecode.c.objc; path = AppDelegate.m; sourceTree = "<group>"; };
		BF3524B9256CDF42005E02C4 /* SceneDelegate.h */ = {isa = PBXFileReference; lastKnownFileType = sourcecode.c.h; path = SceneDelegate.h; sourceTree = "<group>"; };
		BF3524BA256CDF42005E02C4 /* SceneDelegate.m */ = {isa = PBXFileReference; lastKnownFileType = sourcecode.c.objc; path = SceneDelegate.m; sourceTree = "<group>"; };
		BF3524BC256CDF42005E02C4 /* ViewController.h */ = {isa = PBXFileReference; lastKnownFileType = sourcecode.c.h; path = ViewController.h; sourceTree = "<group>"; };
		BF3524BD256CDF42005E02C4 /* ViewController.m */ = {isa = PBXFileReference; lastKnownFileType = sourcecode.c.objc; path = ViewController.m; sourceTree = "<group>"; };
		BF3524C0256CDF42005E02C4 /* Base */ = {isa = PBXFileReference; lastKnownFileType = file.storyboard; name = Base; path = Base.lproj/Main.storyboard; sourceTree = "<group>"; };
		BF3524C2256CDF43005E02C4 /* Assets.xcassets */ = {isa = PBXFileReference; lastKnownFileType = folder.assetcatalog; path = Assets.xcassets; sourceTree = "<group>"; };
		BF3524C5256CDF43005E02C4 /* Base */ = {isa = PBXFileReference; lastKnownFileType = file.storyboard; name = Base; path = Base.lproj/LaunchScreen.storyboard; sourceTree = "<group>"; };
		BF3524C7256CDF43005E02C4 /* Info.plist */ = {isa = PBXFileReference; lastKnownFileType = text.plist.xml; path = Info.plist; sourceTree = "<group>"; };
		BF3524C8256CDF43005E02C4 /* main.m */ = {isa = PBXFileReference; lastKnownFileType = sourcecode.c.objc; path = main.m; sourceTree = "<group>"; };
		BF3524CE256CDF43005E02C4 /* RJiPhoneXAdaptDemoTests.xctest */ = {isa = PBXFileReference; explicitFileType = wrapper.cfbundle; includeInIndex = 0; path = RJiPhoneXAdaptDemoTests.xctest; sourceTree = BUILT_PRODUCTS_DIR; };
		BF3524D2256CDF43005E02C4 /* RJiPhoneXAdaptDemoTests.m */ = {isa = PBXFileReference; lastKnownFileType = sourcecode.c.objc; path = RJiPhoneXAdaptDemoTests.m; sourceTree = "<group>"; };
		BF3524D4256CDF43005E02C4 /* Info.plist */ = {isa = PBXFileReference; lastKnownFileType = text.plist.xml; path = Info.plist; sourceTree = "<group>"; };
		BF3524D9256CDF43005E02C4 /* RJiPhoneXAdaptDemoUITests.xctest */ = {isa = PBXFileReference; explicitFileType = wrapper.cfbundle; includeInIndex = 0; path = RJiPhoneXAdaptDemoUITests.xctest; sourceTree = BUILT_PRODUCTS_DIR; };
		BF3524DD256CDF43005E02C4 /* RJiPhoneXAdaptDemoUITests.m */ = {isa = PBXFileReference; lastKnownFileType = sourcecode.c.objc; path = RJiPhoneXAdaptDemoUITests.m; sourceTree = "<group>"; };
		BF3524DF256CDF43005E02C4 /* Info.plist */ = {isa = PBXFileReference; lastKnownFileType = text.plist.xml; path = Info.plist; sourceTree = "<group>"; };
/* End PBXFileReference section */

/* Begin PBXFrameworksBuildPhase section */
		BF3524B0256CDF42005E02C4 /* Frameworks */ = {
			isa = PBXFrameworksBuildPhase;
			buildActionMask = 2147483647;
			files = (
			);
			runOnlyForDeploymentPostprocessing = 0;
		};
		BF3524CB256CDF43005E02C4 /* Frameworks */ = {
			isa = PBXFrameworksBuildPhase;
			buildActionMask = 2147483647;
			files = (
			);
			runOnlyForDeploymentPostprocessing = 0;
		};
		BF3524D6256CDF43005E02C4 /* Frameworks */ = {
			isa = PBXFrameworksBuildPhase;
			buildActionMask = 2147483647;
			files = (
			);
			runOnlyForDeploymentPostprocessing = 0;
		};
/* End PBXFrameworksBuildPhase section */

/* Begin PBXGroup section */
		BF3524AA256CDF42005E02C4 = {
			isa = PBXGroup;
			children = (
				BF3524B5256CDF42005E02C4 /* RJiPhoneXAdaptDemo */,
				BF3524D1256CDF43005E02C4 /* RJiPhoneXAdaptDemoTests */,
				BF3524DC256CDF43005E02C4 /* RJiPhoneXAdaptDemoUITests */,
				BF3524B4256CDF42005E02C4 /* Products */,
			);
			sourceTree = "<group>";
		};
		BF3524B4256CDF42005E02C4 /* Products */ = {
			isa = PBXGroup;
			children = (
				BF3524B3256CDF42005E02C4 /* RJiPhoneXAdaptDemo.app */,
				BF3524CE256CDF43005E02C4 /* RJiPhoneXAdaptDemoTests.xctest */,
				BF3524D9256CDF43005E02C4 /* RJiPhoneXAdaptDemoUITests.xctest */,
			);
			name = Products;
			sourceTree = "<group>";
		};
		BF3524B5256CDF42005E02C4 /* RJiPhoneXAdaptDemo */ = {
			isa = PBXGroup;
			children = (
				BF3524B6256CDF42005E02C4 /* AppDelegate.h */,
				BF3524B7256CDF42005E02C4 /* AppDelegate.m */,
				BF3524B9256CDF42005E02C4 /* SceneDelegate.h */,
				BF3524BA256CDF42005E02C4 /* SceneDelegate.m */,
				BF3524BC256CDF42005E02C4 /* ViewController.h */,
				BF3524BD256CDF42005E02C4 /* ViewController.m */,
				BF3524BF256CDF42005E02C4 /* Main.storyboard */,
				BF3524C2256CDF43005E02C4 /* Assets.xcassets */,
				BF3524C4256CDF43005E02C4 /* LaunchScreen.storyboard */,
				BF3524C7256CDF43005E02C4 /* Info.plist */,
				BF3524C8256CDF43005E02C4 /* main.m */,
			);
			path = RJiPhoneXAdaptDemo;
			sourceTree = "<group>";
		};
		BF3524D1256CDF43005E02C4 /* RJiPhoneXAdaptDemoTests */ = {
			isa = PBXGroup;
			children = (
				BF3524D2256CDF43005E02C4 /* RJiPhoneXAdaptDemoTests.m */,
				BF3524D4256CDF43005E02C4 /* Info.plist */,
			);
			path = RJiPhoneXAdaptDemoTests;
			sourceTree = "<group>";
		};
		BF3524DC256CDF43005E02C4 /* RJiPhoneXAdaptDemoUITests */ = {
			isa = PBXGroup;
			children = (
				BF3524DD256CDF43005E02C4 /* RJiPhoneXAdaptDemoUITests.m */,
				BF3524DF256CDF43005E02C4 /* Info.plist */,
			);
			path = RJiPhoneXAdaptDemoUITests;
			sourceTree = "<group>";
		};
/* End PBXGroup section */

/* Begin PBXNativeTarget section */
		BF3524B2256CDF42005E02C4 /* RJiPhoneXAdaptDemo */ = {
			isa = PBXNativeTarget;
			buildConfigurationList = BF3524E2256CDF43005E02C4 /* Build configuration list for PBXNativeTarget "RJiPhoneXAdaptDemo" */;
			buildPhases = (
				BF3524AF256CDF42005E02C4 /* Sources */,
				BF3524B0256CDF42005E02C4 /* Frameworks */,
				BF3524B1256CDF42005E02C4 /* Resources */,
			);
			buildRules = (
			);
			dependencies = (
			);
			name = RJiPhoneXAdaptDemo;
			productName = RJiPhoneXAdaptDemo;
			productReference = BF3524B3256CDF42005E02C4 /* RJiPhoneXAdaptDemo.app */;
			productType = "com.apple.product-type.application";
		};
		BF3524CD256CDF43005E02C4 /* RJiPhoneXAdaptDemoTests */ = {
			isa = PBXNativeTarget;
			buildConfigurationList = BF3524E5256CDF43005E02C4 /* Build configuration list for PBXNativeTarget "RJiPhoneXAdaptDemoTests" */;
			buildPhases = (
				BF3524CA256CDF43005E02C4 /* Sources */,
				BF3524CB256CDF43005E02C4 /* Frameworks */,
				BF3524CC256CDF43005E02C4 /* Resources */,
			);
			buildRules = (
			);
			dependencies = (
				BF3524D0256CDF43005E02C4 /* PBXTargetDependency */,
			);
			name = RJiPhoneXAdaptDemoTests;
			productName = RJiPhoneXAdaptDemoTests;
			productReference = BF3524CE256CDF43005E02C4 /* RJiPhoneXAdaptDemoTests.xctest */;
			productType = "com.apple.product-type.bundle.unit-test";
		};
		BF3524D8256CDF43005E02C4 /* RJiPhoneXAdaptDemoUITests */ = {
			isa = PBXNativeTarget;
			buildConfigurationList = BF3524E8256CDF43005E02C4 /* Build configuration list for PBXNativeTarget "RJiPhoneXAdaptDemoUITests" */;
			buildPhases = (
				BF3524D5256CDF43005E02C4 /* Sources */,
				BF3524D6256CDF43005E02C4 /* Frameworks */,
				BF3524D7256CDF43005E02C4 /* Resources */,
			);
			buildRules = (
			);
			dependencies = (
				BF3524DB256CDF43005E02C4 /* PBXTargetDependency */,
			);
			name = RJiPhoneXAdaptDemoUITests;
			productName = RJiPhoneXAdaptDemoUITests;
			productReference = BF3524D9256CDF43005E02C4 /* RJiPhoneXAdaptDemoUITests.xctest */;
			productType = "com.apple.product-type.bundle.ui-testing";
		};
/* End PBXNativeTarget section */

/* Begin PBXProject section */
		BF3524AB256CDF42005E02C4 /* Project object */ = {
			isa = PBXProject;
			attributes = {
				LastUpgradeCheck = 1220;
				TargetAttributes = {
					BF3524B2256CDF42005E02C4 = {
						CreatedOnToolsVersion = 12.2;
					};
					BF3524CD256CDF43005E02C4 = {
						CreatedOnToolsVersion = 12.2;
						TestTargetID = BF3524B2256CDF42005E02C4;
					};
					BF3524D8256CDF43005E02C4 = {
						CreatedOnToolsVersion = 12.2;
						TestTargetID = BF3524B2256CDF42005E02C4;
					};
				};
			};
			buildConfigurationList = BF3524AE256CDF42005E02C4 /* Build configuration list for PBXProject "RJiPhoneXAdaptDemo" */;
			compatibilityVersion = "Xcode 9.3";
			developmentRegion = en;
			hasScannedForEncodings = 0;
			knownRegions = (
				en,
				Base,
			);
			mainGroup = BF3524AA256CDF42005E02C4;
			productRefGroup = BF3524B4256CDF42005E02C4 /* Products */;
			projectDirPath = "";
			projectRoot = "";
			targets = (
				BF3524B2256CDF42005E02C4 /* RJiPhoneXAdaptDemo */,
				BF3524CD256CDF43005E02C4 /* RJiPhoneXAdaptDemoTests */,
				BF3524D8256CDF43005E02C4 /* RJiPhoneXAdaptDemoUITests */,
			);
		};
/* End PBXProject section */

/* Begin PBXResourcesBuildPhase section */
		BF3524B1256CDF42005E02C4 /* Resources */ = {
			isa = PBXResourcesBuildPhase;
			buildActionMask = 2147483647;
			files = (
				BF3524C6256CDF43005E02C4 /* LaunchScreen.storyboard in Resources */,
				BF3524C3256CDF43005E02C4 /* Assets.xcassets in Resources */,
				BF3524C1256CDF42005E02C4 /* Main.storyboard in Resources */,
			);
			runOnlyForDeploymentPostprocessing = 0;
		};
		BF3524CC256CDF43005E02C4 /* Resources */ = {
			isa = PBXResourcesBuildPhase;
			buildActionMask = 2147483647;
			files = (
			);
			runOnlyForDeploymentPostprocessing = 0;
		};
		BF3524D7256CDF43005E02C4 /* Resources */ = {
			isa = PBXResourcesBuildPhase;
			buildActionMask = 2147483647;
			files = (
			);
			runOnlyForDeploymentPostprocessing = 0;
		};
/* End PBXResourcesBuildPhase section */

/* Begin PBXSourcesBuildPhase section */
		BF3524AF256CDF42005E02C4 /* Sources */ = {
			isa = PBXSourcesBuildPhase;
			buildActionMask = 2147483647;
			files = (
				BF3524BE256CDF42005E02C4 /* ViewController.m in Sources */,
				BF3524B8256CDF42005E02C4 /* AppDelegate.m in Sources */,
				BF3524C9256CDF43005E02C4 /* main.m in Sources */,
				BF3524BB256CDF42005E02C4 /* SceneDelegate.m in Sources */,
			);
			runOnlyForDeploymentPostprocessing = 0;
		};
		BF3524CA256CDF43005E02C4 /* Sources */ = {
			isa = PBXSourcesBuildPhase;
			buildActionMask = 2147483647;
			files = (
				BF3524D3256CDF43005E02C4 /* RJiPhoneXAdaptDemoTests.m in Sources */,
			);
			runOnlyForDeploymentPostprocessing = 0;
		};
		BF3524D5256CDF43005E02C4 /* Sources */ = {
			isa = PBXSourcesBuildPhase;
			buildActionMask = 2147483647;
			files = (
				BF3524DE256CDF43005E02C4 /* RJiPhoneXAdaptDemoUITests.m in Sources */,
			);
			runOnlyForDeploymentPostprocessing = 0;
		};
/* End PBXSourcesBuildPhase section */

/* Begin PBXTargetDependency section */
		BF3524D0256CDF43005E02C4 /* PBXTargetDependency */ = {
			isa = PBXTargetDependency;
			target = BF3524B2256CDF42005E02C4 /* RJiPhoneXAdaptDemo */;
			targetProxy = BF3524CF256CDF43005E02C4 /* PBXContainerItemProxy */;
		};
		BF3524DB256CDF43005E02C4 /* PBXTargetDependency */ = {
			isa = PBXTargetDependency;
			target = BF3524B2256CDF42005E02C4 /* RJiPhoneXAdaptDemo */;
			targetProxy = BF3524DA256CDF43005E02C4 /* PBXContainerItemProxy */;
		};
/* End PBXTargetDependency section */

/* Begin PBXVariantGroup section */
		BF3524BF256CDF42005E02C4 /* Main.storyboard */ = {
			isa = PBXVariantGroup;
			children = (
				BF3524C0256CDF42005E02C4 /* Base */,
			);
			name = Main.storyboard;
			sourceTree = "<group>";
		};
		BF3524C4256CDF43005E02C4 /* LaunchScreen.storyboard */ = {
			isa = PBXVariantGroup;
			children = (
				BF3524C5256CDF43005E02C4 /* Base */,
			);
			name = LaunchScreen.storyboard;
			sourceTree = "<group>";
		};
/* End PBXVariantGroup section */

/* Begin XCBuildConfiguration section */
		BF3524E0256CDF43005E02C4 /* Debug */ = {
			isa = XCBuildConfiguration;
			buildSettings = {
				ALWAYS_SEARCH_USER_PATHS = NO;
				CLANG_ANALYZER_NONNULL = YES;
				CLANG_ANALYZER_NUMBER_OBJECT_CONVERSION = YES_AGGRESSIVE;
				CLANG_CXX_LANGUAGE_STANDARD = "gnu++14";
				CLANG_CXX_LIBRARY = "libc++";
				CLANG_ENABLE_MODULES = YES;
				CLANG_ENABLE_OBJC_ARC = YES;
				CLANG_ENABLE_OBJC_WEAK = YES;
				CLANG_WARN_BLOCK_CAPTURE_AUTORELEASING = YES;
				CLANG_WARN_BOOL_CONVERSION = YES;
				CLANG_WARN_COMMA = YES;
				CLANG_WARN_CONSTANT_CONVERSION = YES;
				CLANG_WARN_DEPRECATED_OBJC_IMPLEMENTATIONS = YES;
				CLANG_WARN_DIRECT_OBJC_ISA_USAGE = YES_ERROR;
				CLANG_WARN_DOCUMENTATION_COMMENTS = YES;
				CLANG_WARN_EMPTY_BODY = YES;
				CLANG_WARN_ENUM_CONVERSION = YES;
				CLANG_WARN_INFINITE_RECURSION = YES;
				CLANG_WARN_INT_CONVERSION = YES;
				CLANG_WARN_NON_LITERAL_NULL_CONVERSION = YES;
				CLANG_WARN_OBJC_IMPLICIT_RETAIN_SELF = YES;
				CLANG_WARN_OBJC_LITERAL_CONVERSION = YES;
				CLANG_WARN_OBJC_ROOT_CLASS = YES_ERROR;
				CLANG_WARN_QUOTED_INCLUDE_IN_FRAMEWORK_HEADER = YES;
				CLANG_WARN_RANGE_LOOP_ANALYSIS = YES;
				CLANG_WARN_STRICT_PROTOTYPES = YES;
				CLANG_WARN_SUSPICIOUS_MOVE = YES;
				CLANG_WARN_UNGUARDED_AVAILABILITY = YES_AGGRESSIVE;
				CLANG_WARN_UNREACHABLE_CODE = YES;
				CLANG_WARN__DUPLICATE_METHOD_MATCH = YES;
				COPY_PHASE_STRIP = NO;
				DEBUG_INFORMATION_FORMAT = dwarf;
				ENABLE_STRICT_OBJC_MSGSEND = YES;
				ENABLE_TESTABILITY = YES;
				GCC_C_LANGUAGE_STANDARD = gnu11;
				GCC_DYNAMIC_NO_PIC = NO;
				GCC_NO_COMMON_BLOCKS = YES;
				GCC_OPTIMIZATION_LEVEL = 0;
				GCC_PREPROCESSOR_DEFINITIONS = (
					"DEBUG=1",
					"$(inherited)",
				);
				GCC_WARN_64_TO_32_BIT_CONVERSION = YES;
				GCC_WARN_ABOUT_RETURN_TYPE = YES_ERROR;
				GCC_WARN_UNDECLARED_SELECTOR = YES;
				GCC_WARN_UNINITIALIZED_AUTOS = YES_AGGRESSIVE;
				GCC_WARN_UNUSED_FUNCTION = YES;
				GCC_WARN_UNUSED_VARIABLE = YES;
				IPHONEOS_DEPLOYMENT_TARGET = 14.2;
				MTL_ENABLE_DEBUG_INFO = INCLUDE_SOURCE;
				MTL_FAST_MATH = YES;
				ONLY_ACTIVE_ARCH = YES;
				SDKROOT = iphoneos;
			};
			name = Debug;
		};
		BF3524E1256CDF43005E02C4 /* Release */ = {
			isa = XCBuildConfiguration;
			buildSettings = {
				ALWAYS_SEARCH_USER_PATHS = NO;
				CLANG_ANALYZER_NONNULL = YES;
				CLANG_ANALYZER_NUMBER_OBJECT_CONVERSION = YES_AGGRESSIVE;
				CLANG_CXX_LANGUAGE_STANDARD = "gnu++14";
				CLANG_CXX_LIBRARY = "libc++";
				CLANG_ENABLE_MODULES = YES;
				CLANG_ENABLE_OBJC_ARC = YES;
				CLANG_ENABLE_OBJC_WEAK = YES;
				CLANG_WARN_BLOCK_CAPTURE_AUTORELEASING = YES;
				CLANG_WARN_BOOL_CONVERSION = YES;
				CLANG_WARN_COMMA = YES;
				CLANG_WARN_CONSTANT_CONVERSION = YES;
				CLANG_WARN_DEPRECATED_OBJC_IMPLEMENTATIONS = YES;
				CLANG_WARN_DIRECT_OBJC_ISA_USAGE = YES_ERROR;
				CLANG_WARN_DOCUMENTATION_COMMENTS = YES;
				CLANG_WARN_EMPTY_BODY = YES;
				CLANG_WARN_ENUM_CONVERSION = YES;
				CLANG_WARN_INFINITE_RECURSION = YES;
				CLANG_WARN_INT_CONVERSION = YES;
				CLANG_WARN_NON_LITERAL_NULL_CONVERSION = YES;
				CLANG_WARN_OBJC_IMPLICIT_RETAIN_SELF = YES;
				CLANG_WARN_OBJC_LITERAL_CONVERSION = YES;
				CLANG_WARN_OBJC_ROOT_CLASS = YES_ERROR;
				CLANG_WARN_QUOTED_INCLUDE_IN_FRAMEWORK_HEADER = YES;
				CLANG_WARN_RANGE_LOOP_ANALYSIS = YES;
				CLANG_WARN_STRICT_PROTOTYPES = YES;
				CLANG_WARN_SUSPICIOUS_MOVE = YES;
				CLANG_WARN_UNGUARDED_AVAILABILITY = YES_AGGRESSIVE;
				CLANG_WARN_UNREACHABLE_CODE = YES;
				CLANG_WARN__DUPLICATE_METHOD_MATCH = YES;
				COPY_PHASE_STRIP = NO;
				DEBUG_INFORMATION_FORMAT = "dwarf-with-dsym";
				ENABLE_NS_ASSERTIONS = NO;
				ENABLE_STRICT_OBJC_MSGSEND = YES;
				GCC_C_LANGUAGE_STANDARD = gnu11;
				GCC_NO_COMMON_BLOCKS = YES;
				GCC_WARN_64_TO_32_BIT_CONVERSION = YES;
				GCC_WARN_ABOUT_RETURN_TYPE = YES_ERROR;
				GCC_WARN_UNDECLARED_SELECTOR = YES;
				GCC_WARN_UNINITIALIZED_AUTOS = YES_AGGRESSIVE;
				GCC_WARN_UNUSED_FUNCTION = YES;
				GCC_WARN_UNUSED_VARIABLE = YES;
				IPHONEOS_DEPLOYMENT_TARGET = 14.2;
				MTL_ENABLE_DEBUG_INFO = NO;
				MTL_FAST_MATH = YES;
				SDKROOT = iphoneos;
				VALIDATE_PRODUCT = YES;
			};
			name = Release;
		};
		BF3524E3256CDF43005E02C4 /* Debug */ = {
			isa = XCBuildConfiguration;
			buildSettings = {
				ASSETCATALOG_COMPILER_APPICON_NAME = AppIcon;
				ASSETCATALOG_COMPILER_GLOBAL_ACCENT_COLOR_NAME = AccentColor;
				CODE_SIGN_STYLE = Automatic;
				DEVELOPMENT_TEAM = RJ2G45B9KH;
				INFOPLIST_FILE = RJiPhoneXAdaptDemo/Info.plist;
				LD_RUNPATH_SEARCH_PATHS = (
					"$(inherited)",
					"@executable_path/Frameworks",
				);
				PRODUCT_BUNDLE_IDENTIFIER = com.RJSoftware.RJiPhoneXAdaptDemo;
				PRODUCT_NAME = "$(TARGET_NAME)";
				TARGETED_DEVICE_FAMILY = "1,2";
			};
			name = Debug;
		};
		BF3524E4256CDF43005E02C4 /* Release */ = {
			isa = XCBuildConfiguration;
			buildSettings = {
				ASSETCATALOG_COMPILER_APPICON_NAME = AppIcon;
				ASSETCATALOG_COMPILER_GLOBAL_ACCENT_COLOR_NAME = AccentColor;
				CODE_SIGN_STYLE = Automatic;
				DEVELOPMENT_TEAM = RJ2G45B9KH;
				INFOPLIST_FILE = RJiPhoneXAdaptDemo/Info.plist;
				LD_RUNPATH_SEARCH_PATHS = (
					"$(inherited)",
					"@executable_path/Frameworks",
				);
				PRODUCT_BUNDLE_IDENTIFIER = com.RJSoftware.RJiPhoneXAdaptDemo;
				PRODUCT_NAME = "$(TARGET_NAME)";
				TARGETED_DEVICE_FAMILY = "1,2";
			};
			name = Release;
		};
		BF3524E6256CDF43005E02C4 /* Debug */ = {
			isa = XCBuildConfiguration;
			buildSettings = {
				BUNDLE_LOADER = "$(TEST_HOST)";
				CODE_SIGN_STYLE = Automatic;
				DEVELOPMENT_TEAM = RJ2G45B9KH;
				INFOPLIST_FILE = RJiPhoneXAdaptDemoTests/Info.plist;
				IPHONEOS_DEPLOYMENT_TARGET = 14.2;
				LD_RUNPATH_SEARCH_PATHS = (
					"$(inherited)",
					"@executable_path/Frameworks",
					"@loader_path/Frameworks",
				);
				PRODUCT_BUNDLE_IDENTIFIER = com.RJSoftware.RJiPhoneXAdaptDemoTests;
				PRODUCT_NAME = "$(TARGET_NAME)";
				TARGETED_DEVICE_FAMILY = "1,2";
				TEST_HOST = "$(BUILT_PRODUCTS_DIR)/RJiPhoneXAdaptDemo.app/RJiPhoneXAdaptDemo";
			};
			name = Debug;
		};
		BF3524E7256CDF43005E02C4 /* Release */ = {
			isa = XCBuildConfiguration;
			buildSettings = {
				BUNDLE_LOADER = "$(TEST_HOST)";
				CODE_SIGN_STYLE = Automatic;
				DEVELOPMENT_TEAM = RJ2G45B9KH;
				INFOPLIST_FILE = RJiPhoneXAdaptDemoTests/Info.plist;
				IPHONEOS_DEPLOYMENT_TARGET = 14.2;
				LD_RUNPATH_SEARCH_PATHS = (
					"$(inherited)",
					"@executable_path/Frameworks",
					"@loader_path/Frameworks",
				);
				PRODUCT_BUNDLE_IDENTIFIER = com.RJSoftware.RJiPhoneXAdaptDemoTests;
				PRODUCT_NAME = "$(TARGET_NAME)";
				TARGETED_DEVICE_FAMILY = "1,2";
				TEST_HOST = "$(BUILT_PRODUCTS_DIR)/RJiPhoneXAdaptDemo.app/RJiPhoneXAdaptDemo";
			};
			name = Release;
		};
		BF3524E9256CDF43005E02C4 /* Debug */ = {
			isa = XCBuildConfiguration;
			buildSettings = {
				CODE_SIGN_STYLE = Automatic;
				DEVELOPMENT_TEAM = RJ2G45B9KH;
				INFOPLIST_FILE = RJiPhoneXAdaptDemoUITests/Info.plist;
				LD_RUNPATH_SEARCH_PATHS = (
					"$(inherited)",
					"@executable_path/Frameworks",
					"@loader_path/Frameworks",
				);
				PRODUCT_BUNDLE_IDENTIFIER = com.RJSoftware.RJiPhoneXAdaptDemoUITests;
				PRODUCT_NAME = "$(TARGET_NAME)";
				TARGETED_DEVICE_FAMILY = "1,2";
				TEST_TARGET_NAME = RJiPhoneXAdaptDemo;
			};
			name = Debug;
		};
		BF3524EA256CDF43005E02C4 /* Release */ = {
			isa = XCBuildConfiguration;
			buildSettings = {
				CODE_SIGN_STYLE = Automatic;
				DEVELOPMENT_TEAM = RJ2G45B9KH;
				INFOPLIST_FILE = RJiPhoneXAdaptDemoUITests/Info.plist;
				LD_RUNPATH_SEARCH_PATHS = (
					"$(inherited)",
					"@executable_path/Frameworks",
					"@loader_path/Frameworks",
				);
				PRODUCT_BUNDLE_IDENTIFIER = com.RJSoftware.RJiPhoneXAdaptDemoUITests;
				PRODUCT_NAME = "$(TARGET_NAME)";
				TARGETED_DEVICE_FAMILY = "1,2";
				TEST_TARGET_NAME = RJiPhoneXAdaptDemo;
			};
			name = Release;
		};
/* End XCBuildConfiguration section */

/* Begin XCConfigurationList section */
		BF3524AE256CDF42005E02C4 /* Build configuration list for PBXProject "RJiPhoneXAdaptDemo" */ = {
			isa = XCConfigurationList;
			buildConfigurations = (
				BF3524E0256CDF43005E02C4 /* Debug */,
				BF3524E1256CDF43005E02C4 /* Release */,
			);
			defaultConfigurationIsVisible = 0;
			defaultConfigurationName = Release;
		};
		BF3524E2256CDF43005E02C4 /* Build configuration list for PBXNativeTarget "RJiPhoneXAdaptDemo" */ = {
			isa = XCConfigurationList;
			buildConfigurations = (
				BF3524E3256CDF43005E02C4 /* Debug */,
				BF3524E4256CDF43005E02C4 /* Release */,
			);
			defaultConfigurationIsVisible = 0;
			defaultConfigurationName = Release;
		};
		BF3524E5256CDF43005E02C4 /* Build configuration list for PBXNativeTarget "RJiPhoneXAdaptDemoTests" */ = {
			isa = XCConfigurationList;
			buildConfigurations = (
				BF3524E6256CDF43005E02C4 /* Debug */,
				BF3524E7256CDF43005E02C4 /* Release */,
			);
			defaultConfigurationIsVisible = 0;
			defaultConfigurationName = Release;
		};
		BF3524E8256CDF43005E02C4 /* Build configuration list for PBXNativeTarget "RJiPhoneXAdaptDemoUITests" */ = {
			isa = XCConfigurationList;
			buildConfigurations = (
				BF3524E9256CDF43005E02C4 /* Debug */,
				BF3524EA256CDF43005E02C4 /* Release */,
			);
			defaultConfigurationIsVisible = 0;
			defaultConfigurationName = Release;
		};
/* End XCConfigurationList section */
	};
	rootObject = BF3524AB256CDF42005E02C4 /* Project object */;
}
